{
  "version": 2,
  "packages": {
    "nim": {
      "version": "2.2.10",
      "vcsRevision": "9fe2137fa2f3f66cf5a44f357d461829ac9e20c4",
      "url": "https://github.com/nim-lang/Nim.git",
      "downloadMethod": "git",
      "dependencies": [],
      "checksums": {
        "sha1": "17ec440fdb89f8903db29a17898af590087d2b64"
      }
    },
    "checksums": {
      "version": "0.2.2",
      "vcsRevision": "0845c735a9746188b2257ee2cff672eb6ec26e8a",
      "url": "https://github.com/nim-lang/checksums",
      "downloadMethod": "git",
      "dependencies": [
        "nim"
      ],
      "checksums": {
        "sha1": "6357ab195ec23e0e0a54d4d8b5e0212456bf899e"
      }
    }
  },
  "tasks": {}
}
